
Microsoft Visual Studio Solution File, Format Version 12.00
# Visual Studio Version 17
VisualStudioVersion = 17.8.34330.188
MinimumVisualStudioVersion = 10.0.40219.1
Project("{9A19103F-16F7-4668-BE54-9A1E7A4F7556}") = "Coin", "Coin.csproj", "{DC4FF085-6A7F-46E2-8E13-0A4A98702C27}"
EndProject
Project("{9A19103F-16F7-4668-BE54-9A1E7A4F7556}") = "CoinWeb", "..\CoinWeb\CoinWeb.csproj", "{6DD298B7-ABF8-4624-AC16-81D38418DAE8}"
EndProject
Global
	GlobalSection(SolutionConfigurationPlatforms) = preSolution
		Debug|Any CPU = Debug|Any CPU
		Release|Any CPU = Release|Any CPU
	EndGlobalSection
	GlobalSection(ProjectConfigurationPlatforms) = postSolution
		{DC4FF085-6A7F-46E2-8E13-0A4A98702C27}.Debug|Any CPU.ActiveCfg = Debug|Any CPU
		{DC4FF085-6A7F-46E2-8E13-0A4A98702C27}.Debug|Any CPU.Build.0 = Debug|Any CPU
		{DC4FF085-6A7F-46E2-8E13-0A4A98702C27}.Release|Any CPU.ActiveCfg = Release|Any CPU
		{DC4FF085-6A7F-46E2-8E13-0A4A98702C27}.Release|Any CPU.Build.0 = Release|Any CPU
		{6DD298B7-ABF8-4624-AC16-81D38418DAE8}.Debug|Any CPU.ActiveCfg = Debug|Any CPU
		{6DD298B7-ABF8-4624-AC16-81D38418DAE8}.Debug|Any CPU.Build.0 = Debug|Any CPU
		{6DD298B7-ABF8-4624-AC16-81D38418DAE8}.Release|Any CPU.ActiveCfg = Release|Any CPU
		{6DD298B7-ABF8-4624-AC16-81D38418DAE8}.Release|Any CPU.Build.0 = Release|Any CPU
	EndGlobalSection
	GlobalSection(SolutionProperties) = preSolution
		HideSolutionNode = FALSE
	EndGlobalSection
	GlobalSection(ExtensibilityGlobals) = postSolution
		SolutionGuid = {A9FFB803-651E-457A-B231-6C0982502DA4}
	EndGlobalSection
EndGlobal
